
Microsoft Visual Studio Solution File, Format Version 12.00
# Visual Studio 15
Project("{FAE04EC0-301F-11D3-BF4B-00C04F79EFBC}") = "netcore-webapi-employee", "netcore-webapi-employee\netcore-webapi-employee.csproj", "{BD0394C6-3DFF-439C-9AD1-D24B8B7A89E1}"
EndProject
Project("{FAE04EC0-301F-11D3-BF4B-00C04F79EFBC}") = "netcore-webapi-employee-tests", "netcore-webapi-employee-tests\netcore-webapi-employee-tests.csproj", "{3601FAC2-265D-4DBB-810D-0E3BA33E1437}"
EndProject
Global
	GlobalSection(SolutionConfigurationPlatforms) = preSolution
		Debug|Any CPU = Debug|Any CPU
		Release|Any CPU = Release|Any CPU
	EndGlobalSection
	GlobalSection(ProjectConfigurationPlatforms) = postSolution
		{BD0394C6-3DFF-439C-9AD1-D24B8B7A89E1}.Debug|Any CPU.ActiveCfg = Debug|Any CPU
		{BD0394C6-3DFF-439C-9AD1-D24B8B7A89E1}.Debug|Any CPU.Build.0 = Debug|Any CPU
		{BD0394C6-3DFF-439C-9AD1-D24B8B7A89E1}.Release|Any CPU.ActiveCfg = Release|Any CPU
		{BD0394C6-3DFF-439C-9AD1-D24B8B7A89E1}.Release|Any CPU.Build.0 = Release|Any CPU
		{3601FAC2-265D-4DBB-810D-0E3BA33E1437}.Debug|Any CPU.ActiveCfg = Debug|Any CPU
		{3601FAC2-265D-4DBB-810D-0E3BA33E1437}.Debug|Any CPU.Build.0 = Debug|Any CPU
		{3601FAC2-265D-4DBB-810D-0E3BA33E1437}.Release|Any CPU.ActiveCfg = Release|Any CPU
		{3601FAC2-265D-4DBB-810D-0E3BA33E1437}.Release|Any CPU.Build.0 = Release|Any CPU
	EndGlobalSection
EndGlobal
